// !$*UTF8*$!
{
	archiveVersion = 1;
	classes = {
	};
	objectVersion = 50;
	objects = {

/* Begin PBXBuildFile section */
		1219351F262C662D00365D0A /* ModalsAndAlerts.swift in Sources */ = {isa = PBXBuildFile; fileRef = 1219351E262C662D00365D0A /* ModalsAndAlerts.swift */; };
		12731DBF262C6BA2004EB556 /* ArticleForModal.swift in Sources */ = {isa = PBXBuildFile; fileRef = 12731DBE262C6BA2004EB556 /* ArticleForModal.swift */; };
		12731DC4262C6BA8004EB556 /* ArticleForModalDetailView.swift in Sources */ = {isa = PBXBuildFile; fileRef = 12731DC3262C6BA8004EB556 /* ArticleForModalDetailView.swift */; };
		12739375261B1CBE00318692 /* StateBindingsView.swift in Sources */ = {isa = PBXBuildFile; fileRef = 12739374261B1CBE00318692 /* StateBindingsView.swift */; };
		1273937A261B1DC100318692 /* GesturesView.swift in Sources */ = {isa = PBXBuildFile; fileRef = 12739379261B1DC100318692 /* GesturesView.swift */; };
		12739380261B310300318692 /* DraggableView.swift in Sources */ = {isa = PBXBuildFile; fileRef = 1273937F261B310300318692 /* DraggableView.swift */; };
		1273938B261B353300318692 /* GesturesExerciseView.swift in Sources */ = {isa = PBXBuildFile; fileRef = 1273938A261B353300318692 /* GesturesExerciseView.swift */; };
		12739390261B357300318692 /* ResizableView.swift in Sources */ = {isa = PBXBuildFile; fileRef = 1273938F261B357300318692 /* ResizableView.swift */; };
		12739395261B3CE400318692 /* ContextSwipeBottomsheet.swift in Sources */ = {isa = PBXBuildFile; fileRef = 12739394261B3CE400318692 /* ContextSwipeBottomsheet.swift */; };
		1273939C261B407600318692 /* Restaurant.swift in Sources */ = {isa = PBXBuildFile; fileRef = 1273939B261B407600318692 /* Restaurant.swift */; };
		127393AA261B428000318692 /* RestaurantDetailView.swift in Sources */ = {isa = PBXBuildFile; fileRef = 127393A9261B428000318692 /* RestaurantDetailView.swift */; };
		128AF2192623989F00FE04BB /* CardView.swift in Sources */ = {isa = PBXBuildFile; fileRef = 128AF20E2623975700FE04BB /* CardView.swift */; };
		128B0CFA2624D58F00406BF7 /* AppStoreLike2.swift in Sources */ = {isa = PBXBuildFile; fileRef = 128B0CF92624D58F00406BF7 /* AppStoreLike2.swift */; };
		1297D876262770DF003C6E41 /* ArticleView.swift in Sources */ = {isa = PBXBuildFile; fileRef = 1297D875262770DF003C6E41 /* ArticleView.swift */; };
		129B8A25262CCE31001C61BD /* TodoListCoreData.swift in Sources */ = {isa = PBXBuildFile; fileRef = 129B8A24262CCE31001C61BD /* TodoListCoreData.swift */; };
		129B8A35262CCE8F001C61BD /* Experiment.xcdatamodeld in Sources */ = {isa = PBXBuildFile; fileRef = 129B8A33262CCE8F001C61BD /* Experiment.xcdatamodeld */; };
		129B8A3A262CCEC7001C61BD /* Persistence.swift in Sources */ = {isa = PBXBuildFile; fileRef = 129B8A39262CCEC7001C61BD /* Persistence.swift */; };
		129B8A3F262CCF7B001C61BD /* CoreDataTest.swift in Sources */ = {isa = PBXBuildFile; fileRef = 129B8A3E262CCF7B001C61BD /* CoreDataTest.swift */; };
		129B8A53262CD294001C61BD /* CheckBoxStyle.swift in Sources */ = {isa = PBXBuildFile; fileRef = 129B8A52262CD293001C61BD /* CheckBoxStyle.swift */; };
		129B8A58262CD299001C61BD /* NewToDoView.swift in Sources */ = {isa = PBXBuildFile; fileRef = 129B8A57262CD299001C61BD /* NewToDoView.swift */; };
		129B8A5E262CD2A0001C61BD /* ToDoItem.swift in Sources */ = {isa = PBXBuildFile; fileRef = 129B8A5D262CD2A0001C61BD /* ToDoItem.swift */; };
		129DA4F4261E59F3001E5AF0 /* BottomSheetView.swift in Sources */ = {isa = PBXBuildFile; fileRef = 129DA4F3261E59F3001E5AF0 /* BottomSheetView.swift */; };
		12AB8F2226222CBA007F956F /* TinderLikeSwipe.swift in Sources */ = {isa = PBXBuildFile; fileRef = 12AB8F2126222CBA007F956F /* TinderLikeSwipe.swift */; };
		12AB8F2826222DA5007F956F /* Trip.swift in Sources */ = {isa = PBXBuildFile; fileRef = 12AB8F2726222DA5007F956F /* Trip.swift */; };
		12AB8F2D26222E10007F956F /* TripCardView.swift in Sources */ = {isa = PBXBuildFile; fileRef = 12AB8F2C26222E10007F956F /* TripCardView.swift */; };
		12AB8F342622F813007F956F /* AppStoreLike.swift in Sources */ = {isa = PBXBuildFile; fileRef = 12AB8F332622F813007F956F /* AppStoreLike.swift */; };
		12AB8F3A2622F9CC007F956F /* Article.swift in Sources */ = {isa = PBXBuildFile; fileRef = 12AB8F392622F9CC007F956F /* Article.swift */; };
		12AB8F402622FD4B007F956F /* ArticleExcerptView.swift in Sources */ = {isa = PBXBuildFile; fileRef = 12AB8F3F2622FD4B007F956F /* ArticleExcerptView.swift */; };
		12AB8F452622FFD1007F956F /* ArticleCardView.swift in Sources */ = {isa = PBXBuildFile; fileRef = 12AB8F442622FFD1007F956F /* ArticleCardView.swift */; };
		12AB8F5A262388BC007F956F /* AppStoreTopBar.swift in Sources */ = {isa = PBXBuildFile; fileRef = 12AB8F59262388BC007F956F /* AppStoreTopBar.swift */; };
		12CB8F7A2619F9E700C6A367 /* MainMenu.swift in Sources */ = {isa = PBXBuildFile; fileRef = 12CB8F782619F9E700C6A367 /* MainMenu.swift */; };
		12CB8F7B2619F9E700C6A367 /* MainMenuRow.swift in Sources */ = {isa = PBXBuildFile; fileRef = 12CB8F792619F9E700C6A367 /* MainMenuRow.swift */; };
		12CB8F812619FA2800C6A367 /* ButtonsGradientsView.swift in Sources */ = {isa = PBXBuildFile; fileRef = 12CB8F802619FA2800C6A367 /* ButtonsGradientsView.swift */; };
		F26357A523D0861C00C8F30C /* AppDelegate.swift in Sources */ = {isa = PBXBuildFile; fileRef = F26357A423D0861C00C8F30C /* AppDelegate.swift */; };
		F26357A723D0861C00C8F30C /* SceneDelegate.swift in Sources */ = {isa = PBXBuildFile; fileRef = F26357A623D0861C00C8F30C /* SceneDelegate.swift */; };
		F26357A923D0861C00C8F30C /* ContentView.swift in Sources */ = {isa = PBXBuildFile; fileRef = F26357A823D0861C00C8F30C /* ContentView.swift */; };
		F26357AB23D0861D00C8F30C /* Assets.xcassets in Resources */ = {isa = PBXBuildFile; fileRef = F26357AA23D0861D00C8F30C /* Assets.xcassets */; };
		F26357AE23D0861D00C8F30C /* Preview Assets.xcassets in Resources */ = {isa = PBXBuildFile; fileRef = F26357AD23D0861D00C8F30C /* Preview Assets.xcassets */; };
		F26357B123D0861D00C8F30C /* LaunchScreen.storyboard in Resources */ = {isa = PBXBuildFile; fileRef = F26357AF23D0861D00C8F30C /* LaunchScreen.storyboard */; };
		F26357BC23D0861D00C8F30C /* ExperimentTests.swift in Sources */ = {isa = PBXBuildFile; fileRef = F26357BB23D0861D00C8F30C /* ExperimentTests.swift */; };
		F26357C723D0861D00C8F30C /* ExperimentUITests.swift in Sources */ = {isa = PBXBuildFile; fileRef = F26357C623D0861D00C8F30C /* ExperimentUITests.swift */; };
		F26357D623D0883600C8F30C /* FirstView.swift in Sources */ = {isa = PBXBuildFile; fileRef = F26357D523D0883600C8F30C /* FirstView.swift */; };
/* End PBXBuildFile section */

/* Begin PBXContainerItemProxy section */
		F26357B823D0861D00C8F30C /* PBXContainerItemProxy */ = {
			isa = PBXContainerItemProxy;
			containerPortal = F263579923D0861C00C8F30C /* Project object */;
			proxyType = 1;
			remoteGlobalIDString = F26357A023D0861C00C8F30C;
			remoteInfo = Experiment;
		};
		F26357C323D0861D00C8F30C /* PBXContainerItemProxy */ = {
			isa = PBXContainerItemProxy;
			containerPortal = F263579923D0861C00C8F30C /* Project object */;
			proxyType = 1;
			remoteGlobalIDString = F26357A023D0861C00C8F30C;
			remoteInfo = Experiment;
		};
/* End PBXContainerItemProxy section */

/* Begin PBXFileReference section */
		1219351E262C662D00365D0A /* ModalsAndAlerts.swift */ = {isa = PBXFileReference; lastKnownFileType = sourcecode.swift; path = ModalsAndAlerts.swift; sourceTree = "<group>"; };
		12731DBE262C6BA2004EB556 /* ArticleForModal.swift */ = {isa = PBXFileReference; fileEncoding = 4; lastKnownFileType = sourcecode.swift; path = ArticleForModal.swift; sourceTree = "<group>"; };
		12731DC3262C6BA8004EB556 /* ArticleForModalDetailView.swift */ = {isa = PBXFileReference; fileEncoding = 4; lastKnownFileType = sourcecode.swift; path = ArticleForModalDetailView.swift; sourceTree = "<group>"; };
		12739374261B1CBE00318692 /* StateBindingsView.swift */ = {isa = PBXFileReference; lastKnownFileType = sourcecode.swift; path = StateBindingsView.swift; sourceTree = "<group>"; };
		12739379261B1DC100318692 /* GesturesView.swift */ = {isa = PBXFileReference; lastKnownFileType = sourcecode.swift; path = GesturesView.swift; sourceTree = "<group>"; };
		1273937F261B310300318692 /* DraggableView.swift */ = {isa = PBXFileReference; lastKnownFileType = sourcecode.swift; path = DraggableView.swift; sourceTree = "<group>"; };
		1273938A261B353300318692 /* GesturesExerciseView.swift */ = {isa = PBXFileReference; lastKnownFileType = sourcecode.swift; path = GesturesExerciseView.swift; sourceTree = "<group>"; };
		1273938F261B357300318692 /* ResizableView.swift */ = {isa = PBXFileReference; lastKnownFileType = sourcecode.swift; path = ResizableView.swift; sourceTree = "<group>"; };
		12739394261B3CE400318692 /* ContextSwipeBottomsheet.swift */ = {isa = PBXFileReference; lastKnownFileType = sourcecode.swift; path = ContextSwipeBottomsheet.swift; sourceTree = "<group>"; };
		1273939B261B407600318692 /* Restaurant.swift */ = {isa = PBXFileReference; fileEncoding = 4; lastKnownFileType = sourcecode.swift; path = Restaurant.swift; sourceTree = "<group>"; };
		127393A9261B428000318692 /* RestaurantDetailView.swift */ = {isa = PBXFileReference; lastKnownFileType = sourcecode.swift; path = RestaurantDetailView.swift; sourceTree = "<group>"; };
		128AF20E2623975700FE04BB /* CardView.swift */ = {isa = PBXFileReference; lastKnownFileType = sourcecode.swift; path = CardView.swift; sourceTree = "<group>"; };
		128B0CF92624D58F00406BF7 /* AppStoreLike2.swift */ = {isa = PBXFileReference; lastKnownFileType = sourcecode.swift; path = AppStoreLike2.swift; sourceTree = "<group>"; };
		1297D875262770DF003C6E41 /* ArticleView.swift */ = {isa = PBXFileReference; lastKnownFileType = sourcecode.swift; path = ArticleView.swift; sourceTree = "<group>"; };
		129B8A24262CCE31001C61BD /* TodoListCoreData.swift */ = {isa = PBXFileReference; lastKnownFileType = sourcecode.swift; path = TodoListCoreData.swift; sourceTree = "<group>"; };
		129B8A34262CCE8F001C61BD /* Experiment.xcdatamodel */ = {isa = PBXFileReference; lastKnownFileType = wrapper.xcdatamodel; path = Experiment.xcdatamodel; sourceTree = "<group>"; };
		129B8A39262CCEC7001C61BD /* Persistence.swift */ = {isa = PBXFileReference; fileEncoding = 4; lastKnownFileType = sourcecode.swift; path = Persistence.swift; sourceTree = "<group>"; };
		129B8A3E262CCF7B001C61BD /* CoreDataTest.swift */ = {isa = PBXFileReference; fileEncoding = 4; lastKnownFileType = sourcecode.swift; path = CoreDataTest.swift; sourceTree = "<group>"; };
		129B8A52262CD293001C61BD /* CheckBoxStyle.swift */ = {isa = PBXFileReference; fileEncoding = 4; lastKnownFileType = sourcecode.swift; path = CheckBoxStyle.swift; sourceTree = "<group>"; };
		129B8A57262CD299001C61BD /* NewToDoView.swift */ = {isa = PBXFileReference; fileEncoding = 4; lastKnownFileType = sourcecode.swift; path = NewToDoView.swift; sourceTree = "<group>"; };
		129B8A5D262CD2A0001C61BD /* ToDoItem.swift */ = {isa = PBXFileReference; fileEncoding = 4; lastKnownFileType = sourcecode.swift; path = ToDoItem.swift; sourceTree = "<group>"; };
		129DA4F3261E59F3001E5AF0 /* BottomSheetView.swift */ = {isa = PBXFileReference; lastKnownFileType = sourcecode.swift; path = BottomSheetView.swift; sourceTree = "<group>"; };
		12AB8F2126222CBA007F956F /* TinderLikeSwipe.swift */ = {isa = PBXFileReference; lastKnownFileType = sourcecode.swift; path = TinderLikeSwipe.swift; sourceTree = "<group>"; };
		12AB8F2726222DA5007F956F /* Trip.swift */ = {isa = PBXFileReference; lastKnownFileType = sourcecode.swift; path = Trip.swift; sourceTree = "<group>"; };
		12AB8F2C26222E10007F956F /* TripCardView.swift */ = {isa = PBXFileReference; lastKnownFileType = sourcecode.swift; path = TripCardView.swift; sourceTree = "<group>"; };
		12AB8F332622F813007F956F /* AppStoreLike.swift */ = {isa = PBXFileReference; lastKnownFileType = sourcecode.swift; path = AppStoreLike.swift; sourceTree = "<group>"; };
		12AB8F392622F9CC007F956F /* Article.swift */ = {isa = PBXFileReference; fileEncoding = 4; lastKnownFileType = sourcecode.swift; path = Article.swift; sourceTree = "<group>"; };
		12AB8F3F2622FD4B007F956F /* ArticleExcerptView.swift */ = {isa = PBXFileReference; lastKnownFileType = sourcecode.swift; path = ArticleExcerptView.swift; sourceTree = "<group>"; };
		12AB8F442622FFD1007F956F /* ArticleCardView.swift */ = {isa = PBXFileReference; lastKnownFileType = sourcecode.swift; path = ArticleCardView.swift; sourceTree = "<group>"; };
		12AB8F59262388BC007F956F /* AppStoreTopBar.swift */ = {isa = PBXFileReference; lastKnownFileType = sourcecode.swift; path = AppStoreTopBar.swift; sourceTree = "<group>"; };
		12CB8F782619F9E700C6A367 /* MainMenu.swift */ = {isa = PBXFileReference; fileEncoding = 4; lastKnownFileType = sourcecode.swift; path = MainMenu.swift; sourceTree = "<group>"; };
		12CB8F792619F9E700C6A367 /* MainMenuRow.swift */ = {isa = PBXFileReference; fileEncoding = 4; lastKnownFileType = sourcecode.swift; path = MainMenuRow.swift; sourceTree = "<group>"; };
		12CB8F802619FA2800C6A367 /* ButtonsGradientsView.swift */ = {isa = PBXFileReference; lastKnownFileType = sourcecode.swift; path = ButtonsGradientsView.swift; sourceTree = "<group>"; };
		F26357A123D0861C00C8F30C /* Experiment.app */ = {isa = PBXFileReference; explicitFileType = wrapper.application; includeInIndex = 0; path = Experiment.app; sourceTree = BUILT_PRODUCTS_DIR; };
		F26357A423D0861C00C8F30C /* AppDelegate.swift */ = {isa = PBXFileReference; lastKnownFileType = sourcecode.swift; path = AppDelegate.swift; sourceTree = "<group>"; };
		F26357A623D0861C00C8F30C /* SceneDelegate.swift */ = {isa = PBXFileReference; lastKnownFileType = sourcecode.swift; path = SceneDelegate.swift; sourceTree = "<group>"; };
		F26357A823D0861C00C8F30C /* ContentView.swift */ = {isa = PBXFileReference; lastKnownFileType = sourcecode.swift; path = ContentView.swift; sourceTree = "<group>"; };
		F26357AA23D0861D00C8F30C /* Assets.xcassets */ = {isa = PBXFileReference; lastKnownFileType = folder.assetcatalog; path = Assets.xcassets; sourceTree = "<group>"; };
		F26357AD23D0861D00C8F30C /* Preview Assets.xcassets */ = {isa = PBXFileReference; lastKnownFileType = folder.assetcatalog; path = "Preview Assets.xcassets"; sourceTree = "<group>"; };
		F26357B023D0861D00C8F30C /* Base */ = {isa = PBXFileReference; lastKnownFileType = file.storyboard; name = Base; path = Base.lproj/LaunchScreen.storyboard; sourceTree = "<group>"; };
		F26357B223D0861D00C8F30C /* Info.plist */ = {isa = PBXFileReference; lastKnownFileType = text.plist.xml; path = Info.plist; sourceTree = "<group>"; };
		F26357B723D0861D00C8F30C /* ExperimentTests.xctest */ = {isa = PBXFileReference; explicitFileType = wrapper.cfbundle; includeInIndex = 0; path = ExperimentTests.xctest; sourceTree = BUILT_PRODUCTS_DIR; };
		F26357BB23D0861D00C8F30C /* ExperimentTests.swift */ = {isa = PBXFileReference; lastKnownFileType = sourcecode.swift; path = ExperimentTests.swift; sourceTree = "<group>"; };
		F26357BD23D0861D00C8F30C /* Info.plist */ = {isa = PBXFileReference; lastKnownFileType = text.plist.xml; path = Info.plist; sourceTree = "<group>"; };
		F26357C223D0861D00C8F30C /* ExperimentUITests.xctest */ = {isa = PBXFileReference; explicitFileType = wrapper.cfbundle; includeInIndex = 0; path = ExperimentUITests.xctest; sourceTree = BUILT_PRODUCTS_DIR; };
		F26357C623D0861D00C8F30C /* ExperimentUITests.swift */ = {isa = PBXFileReference; lastKnownFileType = sourcecode.swift; path = ExperimentUITests.swift; sourceTree = "<group>"; };
		F26357C823D0861D00C8F30C /* Info.plist */ = {isa = PBXFileReference; lastKnownFileType = text.plist.xml; path = Info.plist; sourceTree = "<group>"; };
		F26357D523D0883600C8F30C /* FirstView.swift */ = {isa = PBXFileReference; lastKnownFileType = sourcecode.swift; path = FirstView.swift; sourceTree = "<group>"; };
/* End PBXFileReference section */

/* Begin PBXFrameworksBuildPhase section */
		F263579E23D0861C00C8F30C /* Frameworks */ = {
			isa = PBXFrameworksBuildPhase;
			buildActionMask = 2147483647;
			files = (
			);
			runOnlyForDeploymentPostprocessing = 0;
		};
		F26357B423D0861D00C8F30C /* Frameworks */ = {
			isa = PBXFrameworksBuildPhase;
			buildActionMask = 2147483647;
			files = (
			);
			runOnlyForDeploymentPostprocessing = 0;
		};
		F26357BF23D0861D00C8F30C /* Frameworks */ = {
			isa = PBXFrameworksBuildPhase;
			buildActionMask = 2147483647;
			files = (
			);
			runOnlyForDeploymentPostprocessing = 0;
		};
/* End PBXFrameworksBuildPhase section */

/* Begin PBXGroup section */
		12193524262C69EB00365D0A /* Model */ = {
			isa = PBXGroup;
			children = (
				12AB8F392622F9CC007F956F /* Article.swift */,
			);
			path = Model;
			sourceTree = "<group>";
		};
		12193525262C69FF00365D0A /* Model */ = {
			isa = PBXGroup;
			children = (
				1273939B261B407600318692 /* Restaurant.swift */,
			);
			path = Model;
			sourceTree = "<group>";
		};
		12193526262C6A0A00365D0A /* TinderLike */ = {
			isa = PBXGroup;
			children = (
				12AB8F2126222CBA007F956F /* TinderLikeSwipe.swift */,
				1273939A261B407600318692 /* Model */,
			);
			path = TinderLike;
			sourceTree = "<group>";
		};
		12731DBC262C6B89004EB556 /* ModalsAndAlerts */ = {
			isa = PBXGroup;
			children = (
				12731DBD262C6B99004EB556 /* Model */,
				1219351E262C662D00365D0A /* ModalsAndAlerts.swift */,
			);
			path = ModalsAndAlerts;
			sourceTree = "<group>";
		};
		12731DBD262C6B99004EB556 /* Model */ = {
			isa = PBXGroup;
			children = (
				12731DBE262C6BA2004EB556 /* ArticleForModal.swift */,
				12731DC3262C6BA8004EB556 /* ArticleForModalDetailView.swift */,
			);
			path = Model;
			sourceTree = "<group>";
		};
		1273939A261B407600318692 /* Model */ = {
			isa = PBXGroup;
			children = (
				12AB8F2726222DA5007F956F /* Trip.swift */,
			);
			path = Model;
			sourceTree = "<group>";
		};
		127393A0261B408500318692 /* BottomSheet */ = {
			isa = PBXGroup;
			children = (
				12193525262C69FF00365D0A /* Model */,
				127393A9261B428000318692 /* RestaurantDetailView.swift */,
				12739394261B3CE400318692 /* ContextSwipeBottomsheet.swift */,
			);
			path = BottomSheet;
			sourceTree = "<group>";
		};
		1297D87D262771DC003C6E41 /* AppStoreLike2 */ = {
			isa = PBXGroup;
			children = (
				128AF20E2623975700FE04BB /* CardView.swift */,
				1297D875262770DF003C6E41 /* ArticleView.swift */,
				128B0CF92624D58F00406BF7 /* AppStoreLike2.swift */,
			);
			path = AppStoreLike2;
			sourceTree = "<group>";
		};
		129B8A23262CCE14001C61BD /* TodoListCoreData */ = {
			isa = PBXGroup;
			children = (
				129B8A5C262CD2A0001C61BD /* Model */,
				129B8A24262CCE31001C61BD /* TodoListCoreData.swift */,
				129B8A52262CD293001C61BD /* CheckBoxStyle.swift */,
				129B8A57262CD299001C61BD /* NewToDoView.swift */,
				129B8A3E262CCF7B001C61BD /* CoreDataTest.swift */,
			);
			path = TodoListCoreData;
			sourceTree = "<group>";
		};
		129B8A29262CCE3A001C61BD /* CoreData */ = {
			isa = PBXGroup;
			children = (
				129B8A33262CCE8F001C61BD /* Experiment.xcdatamodeld */,
				129B8A39262CCEC7001C61BD /* Persistence.swift */,
			);
			path = CoreData;
			sourceTree = "<group>";
		};
		129B8A5C262CD2A0001C61BD /* Model */ = {
			isa = PBXGroup;
			children = (
				129B8A5D262CD2A0001C61BD /* ToDoItem.swift */,
			);
			path = Model;
			sourceTree = "<group>";
		};
		129DA4F2261E59DC001E5AF0 /* Reusables */ = {
			isa = PBXGroup;
			children = (
				1273937F261B310300318692 /* DraggableView.swift */,
				1273938F261B357300318692 /* ResizableView.swift */,
				129DA4F3261E59F3001E5AF0 /* BottomSheetView.swift */,
				12AB8F2C26222E10007F956F /* TripCardView.swift */,
			);
			path = Reusables;
			sourceTree = "<group>";
		};
		12AB8F3E2622FD32007F956F /* AppStoreLike */ = {
			isa = PBXGroup;
			children = (
				12193524262C69EB00365D0A /* Model */,
				12AB8F332622F813007F956F /* AppStoreLike.swift */,
				12AB8F442622FFD1007F956F /* ArticleCardView.swift */,
				12AB8F3F2622FD4B007F956F /* ArticleExcerptView.swift */,
				12AB8F59262388BC007F956F /* AppStoreTopBar.swift */,
			);
			path = AppStoreLike;
			sourceTree = "<group>";
		};
		12CB8F772619F9E700C6A367 /* MainMenu */ = {
			isa = PBXGroup;
			children = (
				12CB8F782619F9E700C6A367 /* MainMenu.swift */,
				12CB8F792619F9E700C6A367 /* MainMenuRow.swift */,
			);
			path = MainMenu;
			sourceTree = "<group>";
		};
		12CB8F7F2619F9FC00C6A367 /* Tutoriels AppCoda */ = {
			isa = PBXGroup;
			children = (
				129B8A23262CCE14001C61BD /* TodoListCoreData */,
				12731DBC262C6B89004EB556 /* ModalsAndAlerts */,
				12AB8F3E2622FD32007F956F /* AppStoreLike */,
				1297D87D262771DC003C6E41 /* AppStoreLike2 */,
				127393A0261B408500318692 /* BottomSheet */,
				129DA4F2261E59DC001E5AF0 /* Reusables */,
				12193526262C6A0A00365D0A /* TinderLike */,
				12CB8F802619FA2800C6A367 /* ButtonsGradientsView.swift */,
				1273938A261B353300318692 /* GesturesExerciseView.swift */,
				12739379261B1DC100318692 /* GesturesView.swift */,
				12739374261B1CBE00318692 /* StateBindingsView.swift */,
			);
			path = "Tutoriels AppCoda";
			sourceTree = "<group>";
		};
		12CB8F872619FC7F00C6A367 /* Resources */ = {
			isa = PBXGroup;
			children = (
				F26357AA23D0861D00C8F30C /* Assets.xcassets */,
			);
			path = Resources;
			sourceTree = "<group>";
		};
		F263579823D0861C00C8F30C = {
			isa = PBXGroup;
			children = (
				F26357A323D0861C00C8F30C /* Experiment */,
				F26357BA23D0861D00C8F30C /* ExperimentTests */,
				F26357C523D0861D00C8F30C /* ExperimentUITests */,
				F26357A223D0861C00C8F30C /* Products */,
			);
			sourceTree = "<group>";
		};
		F26357A223D0861C00C8F30C /* Products */ = {
			isa = PBXGroup;
			children = (
				F26357A123D0861C00C8F30C /* Experiment.app */,
				F26357B723D0861D00C8F30C /* ExperimentTests.xctest */,
				F26357C223D0861D00C8F30C /* ExperimentUITests.xctest */,
			);
			name = Products;
			sourceTree = "<group>";
		};
		F26357A323D0861C00C8F30C /* Experiment */ = {
			isa = PBXGroup;
			children = (
				129B8A29262CCE3A001C61BD /* CoreData */,
				12CB8F872619FC7F00C6A367 /* Resources */,
				12CB8F7F2619F9FC00C6A367 /* Tutoriels AppCoda */,
				12CB8F772619F9E700C6A367 /* MainMenu */,
				F26357D423D0881F00C8F30C /* First */,
				F26357A423D0861C00C8F30C /* AppDelegate.swift */,
				F26357A623D0861C00C8F30C /* SceneDelegate.swift */,
				F26357A823D0861C00C8F30C /* ContentView.swift */,
				F26357AF23D0861D00C8F30C /* LaunchScreen.storyboard */,
				F26357B223D0861D00C8F30C /* Info.plist */,
				F26357AC23D0861D00C8F30C /* Preview Content */,
			);
			path = Experiment;
			sourceTree = "<group>";
		};
		F26357AC23D0861D00C8F30C /* Preview Content */ = {
			isa = PBXGroup;
			children = (
				F26357AD23D0861D00C8F30C /* Preview Assets.xcassets */,
			);
			path = "Preview Content";
			sourceTree = "<group>";
		};
		F26357BA23D0861D00C8F30C /* ExperimentTests */ = {
			isa = PBXGroup;
			children = (
				F26357BB23D0861D00C8F30C /* ExperimentTests.swift */,
				F26357BD23D0861D00C8F30C /* Info.plist */,
			);
			path = ExperimentTests;
			sourceTree = "<group>";
		};
		F26357C523D0861D00C8F30C /* ExperimentUITests */ = {
			isa = PBXGroup;
			children = (
				F26357C623D0861D00C8F30C /* ExperimentUITests.swift */,
				F26357C823D0861D00C8F30C /* Info.plist */,
			);
			path = ExperimentUITests;
			sourceTree = "<group>";
		};
		F26357D423D0881F00C8F30C /* First */ = {
			isa = PBXGroup;
			children = (
				F26357D523D0883600C8F30C /* FirstView.swift */,
			);
			path = First;
			sourceTree = "<group>";
		};
/* End PBXGroup section */

/* Begin PBXNativeTarget section */
		F26357A023D0861C00C8F30C /* Experiment */ = {
			isa = PBXNativeTarget;
			buildConfigurationList = F26357CB23D0861D00C8F30C /* Build configuration list for PBXNativeTarget "Experiment" */;
			buildPhases = (
				F263579D23D0861C00C8F30C /* Sources */,
				F263579E23D0861C00C8F30C /* Frameworks */,
				F263579F23D0861C00C8F30C /* Resources */,
			);
			buildRules = (
			);
			dependencies = (
			);
			name = Experiment;
			productName = Experiment;
			productReference = F26357A123D0861C00C8F30C /* Experiment.app */;
			productType = "com.apple.product-type.application";
		};
		F26357B623D0861D00C8F30C /* ExperimentTests */ = {
			isa = PBXNativeTarget;
			buildConfigurationList = F26357CE23D0861D00C8F30C /* Build configuration list for PBXNativeTarget "ExperimentTests" */;
			buildPhases = (
				F26357B323D0861D00C8F30C /* Sources */,
				F26357B423D0861D00C8F30C /* Frameworks */,
				F26357B523D0861D00C8F30C /* Resources */,
			);
			buildRules = (
			);
			dependencies = (
				F26357B923D0861D00C8F30C /* PBXTargetDependency */,
			);
			name = ExperimentTests;
			productName = ExperimentTests;
			productReference = F26357B723D0861D00C8F30C /* ExperimentTests.xctest */;
			productType = "com.apple.product-type.bundle.unit-test";
		};
		F26357C123D0861D00C8F30C /* ExperimentUITests */ = {
			isa = PBXNativeTarget;
			buildConfigurationList = F26357D123D0861D00C8F30C /* Build configuration list for PBXNativeTarget "ExperimentUITests" */;
			buildPhases = (
				F26357BE23D0861D00C8F30C /* Sources */,
				F26357BF23D0861D00C8F30C /* Frameworks */,
				F26357C023D0861D00C8F30C /* Resources */,
			);
			buildRules = (
			);
			dependencies = (
				F26357C423D0861D00C8F30C /* PBXTargetDependency */,
			);
			name = ExperimentUITests;
			productName = ExperimentUITests;
			productReference = F26357C223D0861D00C8F30C /* ExperimentUITests.xctest */;
			productType = "com.apple.product-type.bundle.ui-testing";
		};
/* End PBXNativeTarget section */

/* Begin PBXProject section */
		F263579923D0861C00C8F30C /* Project object */ = {
			isa = PBXProject;
			attributes = {
				LastSwiftUpdateCheck = 1130;
				LastUpgradeCheck = 1240;
				ORGANIZATIONNAME = norelus;
				TargetAttributes = {
					F26357A023D0861C00C8F30C = {
						CreatedOnToolsVersion = 11.3;
					};
					F26357B623D0861D00C8F30C = {
						CreatedOnToolsVersion = 11.3;
						TestTargetID = F26357A023D0861C00C8F30C;
					};
					F26357C123D0861D00C8F30C = {
						CreatedOnToolsVersion = 11.3;
						TestTargetID = F26357A023D0861C00C8F30C;
					};
				};
			};
			buildConfigurationList = F263579C23D0861C00C8F30C /* Build configuration list for PBXProject "Experiment" */;
			compatibilityVersion = "Xcode 9.3";
			developmentRegion = en;
			hasScannedForEncodings = 0;
			knownRegions = (
				en,
				Base,
			);
			mainGroup = F263579823D0861C00C8F30C;
			productRefGroup = F26357A223D0861C00C8F30C /* Products */;
			projectDirPath = "";
			projectRoot = "";
			targets = (
				F26357A023D0861C00C8F30C /* Experiment */,
				F26357B623D0861D00C8F30C /* ExperimentTests */,
				F26357C123D0861D00C8F30C /* ExperimentUITests */,
			);
		};
/* End PBXProject section */

/* Begin PBXResourcesBuildPhase section */
		F263579F23D0861C00C8F30C /* Resources */ = {
			isa = PBXResourcesBuildPhase;
			buildActionMask = 2147483647;
			files = (
				F26357B123D0861D00C8F30C /* LaunchScreen.storyboard in Resources */,
				F26357AE23D0861D00C8F30C /* Preview Assets.xcassets in Resources */,
				F26357AB23D0861D00C8F30C /* Assets.xcassets in Resources */,
			);
			runOnlyForDeploymentPostprocessing = 0;
		};
		F26357B523D0861D00C8F30C /* Resources */ = {
			isa = PBXResourcesBuildPhase;
			buildActionMask = 2147483647;
			files = (
			);
			runOnlyForDeploymentPostprocessing = 0;
		};
		F26357C023D0861D00C8F30C /* Resources */ = {
			isa = PBXResourcesBuildPhase;
			buildActionMask = 2147483647;
			files = (
			);
			runOnlyForDeploymentPostprocessing = 0;
		};
/* End PBXResourcesBuildPhase section */

/* Begin PBXSourcesBuildPhase section */
		F263579D23D0861C00C8F30C /* Sources */ = {
			isa = PBXSourcesBuildPhase;
			buildActionMask = 2147483647;
			files = (
				129B8A5E262CD2A0001C61BD /* ToDoItem.swift in Sources */,
				129B8A3A262CCEC7001C61BD /* Persistence.swift in Sources */,
				12CB8F7A2619F9E700C6A367 /* MainMenu.swift in Sources */,
				F26357A523D0861C00C8F30C /* AppDelegate.swift in Sources */,
				12739390261B357300318692 /* ResizableView.swift in Sources */,
				F26357D623D0883600C8F30C /* FirstView.swift in Sources */,
				F26357A723D0861C00C8F30C /* SceneDelegate.swift in Sources */,
				12AB8F2226222CBA007F956F /* TinderLikeSwipe.swift in Sources */,
				12739375261B1CBE00318692 /* StateBindingsView.swift in Sources */,
				12AB8F5A262388BC007F956F /* AppStoreTopBar.swift in Sources */,
				12731DC4262C6BA8004EB556 /* ArticleForModalDetailView.swift in Sources */,
				12AB8F2D26222E10007F956F /* TripCardView.swift in Sources */,
				129B8A25262CCE31001C61BD /* TodoListCoreData.swift in Sources */,
				12AB8F342622F813007F956F /* AppStoreLike.swift in Sources */,
				12CB8F7B2619F9E700C6A367 /* MainMenuRow.swift in Sources */,
				1273937A261B1DC100318692 /* GesturesView.swift in Sources */,
				12AB8F452622FFD1007F956F /* ArticleCardView.swift in Sources */,
				12AB8F402622FD4B007F956F /* ArticleExcerptView.swift in Sources */,
				129B8A35262CCE8F001C61BD /* Experiment.xcdatamodeld in Sources */,
				128B0CFA2624D58F00406BF7 /* AppStoreLike2.swift in Sources */,
				128AF2192623989F00FE04BB /* CardView.swift in Sources */,
				1297D876262770DF003C6E41 /* ArticleView.swift in Sources */,
				12CB8F812619FA2800C6A367 /* ButtonsGradientsView.swift in Sources */,
				1219351F262C662D00365D0A /* ModalsAndAlerts.swift in Sources */,
				12731DBF262C6BA2004EB556 /* ArticleForModal.swift in Sources */,
				129B8A3F262CCF7B001C61BD /* CoreDataTest.swift in Sources */,
				129B8A53262CD294001C61BD /* CheckBoxStyle.swift in Sources */,
				129DA4F4261E59F3001E5AF0 /* BottomSheetView.swift in Sources */,
				129B8A58262CD299001C61BD /* NewToDoView.swift in Sources */,
				12739395261B3CE400318692 /* ContextSwipeBottomsheet.swift in Sources */,
				12AB8F3A2622F9CC007F956F /* Article.swift in Sources */,
				12AB8F2826222DA5007F956F /* Trip.swift in Sources */,
				1273939C261B407600318692 /* Restaurant.swift in Sources */,
				127393AA261B428000318692 /* RestaurantDetailView.swift in Sources */,
				12739380261B310300318692 /* DraggableView.swift in Sources */,
				F26357A923D0861C00C8F30C /* ContentView.swift in Sources */,
				1273938B261B353300318692 /* GesturesExerciseView.swift in Sources */,
			);
			runOnlyForDeploymentPostprocessing = 0;
		};
		F26357B323D0861D00C8F30C /* Sources */ = {
			isa = PBXSourcesBuildPhase;
			buildActionMask = 2147483647;
			files = (
				F26357BC23D0861D00C8F30C /* ExperimentTests.swift in Sources */,
			);
			runOnlyForDeploymentPostprocessing = 0;
		};
		F26357BE23D0861D00C8F30C /* Sources */ = {
			isa = PBXSourcesBuildPhase;
			buildActionMask = 2147483647;
			files = (
				F26357C723D0861D00C8F30C /* ExperimentUITests.swift in Sources */,
			);
			runOnlyForDeploymentPostprocessing = 0;
		};
/* End PBXSourcesBuildPhase section */

/* Begin PBXTargetDependency section */
		F26357B923D0861D00C8F30C /* PBXTargetDependency */ = {
			isa = PBXTargetDependency;
			target = F26357A023D0861C00C8F30C /* Experiment */;
			targetProxy = F26357B823D0861D00C8F30C /* PBXContainerItemProxy */;
		};
		F26357C423D0861D00C8F30C /* PBXTargetDependency */ = {
			isa = PBXTargetDependency;
			target = F26357A023D0861C00C8F30C /* Experiment */;
			targetProxy = F26357C323D0861D00C8F30C /* PBXContainerItemProxy */;
		};
/* End PBXTargetDependency section */

/* Begin PBXVariantGroup section */
		F26357AF23D0861D00C8F30C /* LaunchScreen.storyboard */ = {
			isa = PBXVariantGroup;
			children = (
				F26357B023D0861D00C8F30C /* Base */,
			);
			name = LaunchScreen.storyboard;
			sourceTree = "<group>";
		};
/* End PBXVariantGroup section */

/* Begin XCBuildConfiguration section */
		F26357C923D0861D00C8F30C /* Debug */ = {
			isa = XCBuildConfiguration;
			buildSettings = {
				ALWAYS_SEARCH_USER_PATHS = NO;
				CLANG_ANALYZER_NONNULL = YES;
				CLANG_ANALYZER_NUMBER_OBJECT_CONVERSION = YES_AGGRESSIVE;
				CLANG_CXX_LANGUAGE_STANDARD = "gnu++14";
				CLANG_CXX_LIBRARY = "libc++";
				CLANG_ENABLE_MODULES = YES;
				CLANG_ENABLE_OBJC_ARC = YES;
				CLANG_ENABLE_OBJC_WEAK = YES;
				CLANG_WARN_BLOCK_CAPTURE_AUTORELEASING = YES;
				CLANG_WARN_BOOL_CONVERSION = YES;
				CLANG_WARN_COMMA = YES;
				CLANG_WARN_CONSTANT_CONVERSION = YES;
				CLANG_WARN_DEPRECATED_OBJC_IMPLEMENTATIONS = YES;
				CLANG_WARN_DIRECT_OBJC_ISA_USAGE = YES_ERROR;
				CLANG_WARN_DOCUMENTATION_COMMENTS = YES;
				CLANG_WARN_EMPTY_BODY = YES;
				CLANG_WARN_ENUM_CONVERSION = YES;
				CLANG_WARN_INFINITE_RECURSION = YES;
				CLANG_WARN_INT_CONVERSION = YES;
				CLANG_WARN_NON_LITERAL_NULL_CONVERSION = YES;
				CLANG_WARN_OBJC_IMPLICIT_RETAIN_SELF = YES;
				CLANG_WARN_OBJC_LITERAL_CONVERSION = YES;
				CLANG_WARN_OBJC_ROOT_CLASS = YES_ERROR;
				CLANG_WARN_QUOTED_INCLUDE_IN_FRAMEWORK_HEADER = YES;
				CLANG_WARN_RANGE_LOOP_ANALYSIS = YES;
				CLANG_WARN_STRICT_PROTOTYPES = YES;
				CLANG_WARN_SUSPICIOUS_MOVE = YES;
				CLANG_WARN_UNGUARDED_AVAILABILITY = YES_AGGRESSIVE;
				CLANG_WARN_UNREACHABLE_CODE = YES;
				CLANG_WARN__DUPLICATE_METHOD_MATCH = YES;
				COPY_PHASE_STRIP = NO;
				DEBUG_INFORMATION_FORMAT = dwarf;
				ENABLE_STRICT_OBJC_MSGSEND = YES;
				ENABLE_TESTABILITY = YES;
				GCC_C_LANGUAGE_STANDARD = gnu11;
				GCC_DYNAMIC_NO_PIC = NO;
				GCC_NO_COMMON_BLOCKS = YES;
				GCC_OPTIMIZATION_LEVEL = 0;
				GCC_PREPROCESSOR_DEFINITIONS = (
					"DEBUG=1",
					"$(inherited)",
				);
				GCC_WARN_64_TO_32_BIT_CONVERSION = YES;
				GCC_WARN_ABOUT_RETURN_TYPE = YES_ERROR;
				GCC_WARN_UNDECLARED_SELECTOR = YES;
				GCC_WARN_UNINITIALIZED_AUTOS = YES_AGGRESSIVE;
				GCC_WARN_UNUSED_FUNCTION = YES;
				GCC_WARN_UNUSED_VARIABLE = YES;
				IPHONEOS_DEPLOYMENT_TARGET = 13.2;
				MTL_ENABLE_DEBUG_INFO = INCLUDE_SOURCE;
				MTL_FAST_MATH = YES;
				ONLY_ACTIVE_ARCH = YES;
				SDKROOT = iphoneos;
				SWIFT_ACTIVE_COMPILATION_CONDITIONS = DEBUG;
				SWIFT_OPTIMIZATION_LEVEL = "-Onone";
			};
			name = Debug;
		};
		F26357CA23D0861D00C8F30C /* Release */ = {
			isa = XCBuildConfiguration;
			buildSettings = {
				ALWAYS_SEARCH_USER_PATHS = NO;
				CLANG_ANALYZER_NONNULL = YES;
				CLANG_ANALYZER_NUMBER_OBJECT_CONVERSION = YES_AGGRESSIVE;
				CLANG_CXX_LANGUAGE_STANDARD = "gnu++14";
				CLANG_CXX_LIBRARY = "libc++";
				CLANG_ENABLE_MODULES = YES;
				CLANG_ENABLE_OBJC_ARC = YES;
				CLANG_ENABLE_OBJC_WEAK = YES;
				CLANG_WARN_BLOCK_CAPTURE_AUTORELEASING = YES;
				CLANG_WARN_BOOL_CONVERSION = YES;
				CLANG_WARN_COMMA = YES;
				CLANG_WARN_CONSTANT_CONVERSION = YES;
				CLANG_WARN_DEPRECATED_OBJC_IMPLEMENTATIONS = YES;
				CLANG_WARN_DIRECT_OBJC_ISA_USAGE = YES_ERROR;
				CLANG_WARN_DOCUMENTATION_COMMENTS = YES;
				CLANG_WARN_EMPTY_BODY = YES;
				CLANG_WARN_ENUM_CONVERSION = YES;
				CLANG_WARN_INFINITE_RECURSION = YES;
				CLANG_WARN_INT_CONVERSION = YES;
				CLANG_WARN_NON_LITERAL_NULL_CONVERSION = YES;
				CLANG_WARN_OBJC_IMPLICIT_RETAIN_SELF = YES;
				CLANG_WARN_OBJC_LITERAL_CONVERSION = YES;
				CLANG_WARN_OBJC_ROOT_CLASS = YES_ERROR;
				CLANG_WARN_QUOTED_INCLUDE_IN_FRAMEWORK_HEADER = YES;
				CLANG_WARN_RANGE_LOOP_ANALYSIS = YES;
				CLANG_WARN_STRICT_PROTOTYPES = YES;
				CLANG_WARN_SUSPICIOUS_MOVE = YES;
				CLANG_WARN_UNGUARDED_AVAILABILITY = YES_AGGRESSIVE;
				CLANG_WARN_UNREACHABLE_CODE = YES;
				CLANG_WARN__DUPLICATE_METHOD_MATCH = YES;
				COPY_PHASE_STRIP = NO;
				DEBUG_INFORMATION_FORMAT = "dwarf-with-dsym";
				ENABLE_NS_ASSERTIONS = NO;
				ENABLE_STRICT_OBJC_MSGSEND = YES;
				GCC_C_LANGUAGE_STANDARD = gnu11;
				GCC_NO_COMMON_BLOCKS = YES;
				GCC_WARN_64_TO_32_BIT_CONVERSION = YES;
				GCC_WARN_ABOUT_RETURN_TYPE = YES_ERROR;
				GCC_WARN_UNDECLARED_SELECTOR = YES;
				GCC_WARN_UNINITIALIZED_AUTOS = YES_AGGRESSIVE;
				GCC_WARN_UNUSED_FUNCTION = YES;
				GCC_WARN_UNUSED_VARIABLE = YES;
				IPHONEOS_DEPLOYMENT_TARGET = 13.2;
				MTL_ENABLE_DEBUG_INFO = NO;
				MTL_FAST_MATH = YES;
				SDKROOT = iphoneos;
				SWIFT_COMPILATION_MODE = wholemodule;
				SWIFT_OPTIMIZATION_LEVEL = "-O";
				VALIDATE_PRODUCT = YES;
			};
			name = Release;
		};
		F26357CC23D0861D00C8F30C /* Debug */ = {
			isa = XCBuildConfiguration;
			buildSettings = {
				ASSETCATALOG_COMPILER_APPICON_NAME = AppIcon;
				CODE_SIGN_STYLE = Automatic;
				DEVELOPMENT_ASSET_PATHS = "\"Experiment/Preview Content\"";
				DEVELOPMENT_TEAM = 6BD2U6KWR8;
				ENABLE_PREVIEWS = YES;
				INFOPLIST_FILE = Experiment/Info.plist;
				IPHONEOS_DEPLOYMENT_TARGET = 14.1;
				LD_RUNPATH_SEARCH_PATHS = (
					"$(inherited)",
					"@executable_path/Frameworks",
				);
				PRODUCT_BUNDLE_IDENTIFIER = norelus.Experiments;
				PRODUCT_NAME = "$(TARGET_NAME)";
				SWIFT_VERSION = 5.0;
				TARGETED_DEVICE_FAMILY = "1,2";
			};
			name = Debug;
		};
		F26357CD23D0861D00C8F30C /* Release */ = {
			isa = XCBuildConfiguration;
			buildSettings = {
				ASSETCATALOG_COMPILER_APPICON_NAME = AppIcon;
				CODE_SIGN_STYLE = Automatic;
				DEVELOPMENT_ASSET_PATHS = "\"Experiment/Preview Content\"";
				DEVELOPMENT_TEAM = 6BD2U6KWR8;
				ENABLE_PREVIEWS = YES;
				INFOPLIST_FILE = Experiment/Info.plist;
				IPHONEOS_DEPLOYMENT_TARGET = 14.1;
				LD_RUNPATH_SEARCH_PATHS = (
					"$(inherited)",
					"@executable_path/Frameworks",
				);
				PRODUCT_BUNDLE_IDENTIFIER = norelus.Experiments;
				PRODUCT_NAME = "$(TARGET_NAME)";
				SWIFT_VERSION = 5.0;
				TARGETED_DEVICE_FAMILY = "1,2";
			};
			name = Release;
		};
		F26357CF23D0861D00C8F30C /* Debug */ = {
			isa = XCBuildConfiguration;
			buildSettings = {
				ALWAYS_EMBED_SWIFT_STANDARD_LIBRARIES = YES;
				BUNDLE_LOADER = "$(TEST_HOST)";
				CODE_SIGN_STYLE = Automatic;
				DEVELOPMENT_TEAM = T4J7JTDT5C;
				INFOPLIST_FILE = ExperimentTests/Info.plist;
				IPHONEOS_DEPLOYMENT_TARGET = 13.2;
				LD_RUNPATH_SEARCH_PATHS = (
					"$(inherited)",
					"@executable_path/Frameworks",
					"@loader_path/Frameworks",
				);
				PRODUCT_BUNDLE_IDENTIFIER = com.norelus.ExperimentTests;
				PRODUCT_NAME = "$(TARGET_NAME)";
				SWIFT_VERSION = 5.0;
				TARGETED_DEVICE_FAMILY = "1,2";
				TEST_HOST = "$(BUILT_PRODUCTS_DIR)/Experiment.app/Experiment";
			};
			name = Debug;
		};
		F26357D023D0861D00C8F30C /* Release */ = {
			isa = XCBuildConfiguration;
			buildSettings = {
				ALWAYS_EMBED_SWIFT_STANDARD_LIBRARIES = YES;
				BUNDLE_LOADER = "$(TEST_HOST)";
				CODE_SIGN_STYLE = Automatic;
				DEVELOPMENT_TEAM = T4J7JTDT5C;
				INFOPLIST_FILE = ExperimentTests/Info.plist;
				IPHONEOS_DEPLOYMENT_TARGET = 13.2;
				LD_RUNPATH_SEARCH_PATHS = (
					"$(inherited)",
					"@executable_path/Frameworks",
					"@loader_path/Frameworks",
				);
				PRODUCT_BUNDLE_IDENTIFIER = com.norelus.ExperimentTests;
				PRODUCT_NAME = "$(TARGET_NAME)";
				SWIFT_VERSION = 5.0;
				TARGETED_DEVICE_FAMILY = "1,2";
				TEST_HOST = "$(BUILT_PRODUCTS_DIR)/Experiment.app/Experiment";
			};
			name = Release;
		};
		F26357D223D0861D00C8F30C /* Debug */ = {
			isa = XCBuildConfiguration;
			buildSettings = {
				ALWAYS_EMBED_SWIFT_STANDARD_LIBRARIES = YES;
				CODE_SIGN_STYLE = Automatic;
				DEVELOPMENT_TEAM = T4J7JTDT5C;
				INFOPLIST_FILE = ExperimentUITests/Info.plist;
				LD_RUNPATH_SEARCH_PATHS = (
					"$(inherited)",
					"@executable_path/Frameworks",
					"@loader_path/Frameworks",
				);
				PRODUCT_BUNDLE_IDENTIFIER = com.norelus.ExperimentUITests;
				PRODUCT_NAME = "$(TARGET_NAME)";
				SWIFT_VERSION = 5.0;
				TARGETED_DEVICE_FAMILY = "1,2";
				TEST_TARGET_NAME = Experiment;
			};
			name = Debug;
		};
		F26357D323D0861D00C8F30C /* Release */ = {
			isa = XCBuildConfiguration;
			buildSettings = {
				ALWAYS_EMBED_SWIFT_STANDARD_LIBRARIES = YES;
				CODE_SIGN_STYLE = Automatic;
				DEVELOPMENT_TEAM = T4J7JTDT5C;
				INFOPLIST_FILE = ExperimentUITests/Info.plist;
				LD_RUNPATH_SEARCH_PATHS = (
					"$(inherited)",
					"@executable_path/Frameworks",
					"@loader_path/Frameworks",
				);
				PRODUCT_BUNDLE_IDENTIFIER = com.norelus.ExperimentUITests;
				PRODUCT_NAME = "$(TARGET_NAME)";
				SWIFT_VERSION = 5.0;
				TARGETED_DEVICE_FAMILY = "1,2";
				TEST_TARGET_NAME = Experiment;
			};
			name = Release;
		};
/* End XCBuildConfiguration section */

/* Begin XCConfigurationList section */
		F263579C23D0861C00C8F30C /* Build configuration list for PBXProject "Experiment" */ = {
			isa = XCConfigurationList;
			buildConfigurations = (
				F26357C923D0861D00C8F30C /* Debug */,
				F26357CA23D0861D00C8F30C /* Release */,
			);
			defaultConfigurationIsVisible = 0;
			defaultConfigurationName = Release;
		};
		F26357CB23D0861D00C8F30C /* Build configuration list for PBXNativeTarget "Experiment" */ = {
			isa = XCConfigurationList;
			buildConfigurations = (
				F26357CC23D0861D00C8F30C /* Debug */,
				F26357CD23D0861D00C8F30C /* Release */,
			);
			defaultConfigurationIsVisible = 0;
			defaultConfigurationName = Release;
		};
		F26357CE23D0861D00C8F30C /* Build configuration list for PBXNativeTarget "ExperimentTests" */ = {
			isa = XCConfigurationList;
			buildConfigurations = (
				F26357CF23D0861D00C8F30C /* Debug */,
				F26357D023D0861D00C8F30C /* Release */,
			);
			defaultConfigurationIsVisible = 0;
			defaultConfigurationName = Release;
		};
		F26357D123D0861D00C8F30C /* Build configuration list for PBXNativeTarget "ExperimentUITests" */ = {
			isa = XCConfigurationList;
			buildConfigurations = (
				F26357D223D0861D00C8F30C /* Debug */,
				F26357D323D0861D00C8F30C /* Release */,
			);
			defaultConfigurationIsVisible = 0;
			defaultConfigurationName = Release;
		};
/* End XCConfigurationList section */

/* Begin XCVersionGroup section */
		129B8A33262CCE8F001C61BD /* Experiment.xcdatamodeld */ = {
			isa = XCVersionGroup;
			children = (
				129B8A34262CCE8F001C61BD /* Experiment.xcdatamodel */,
			);
			currentVersion = 129B8A34262CCE8F001C61BD /* Experiment.xcdatamodel */;
			path = Experiment.xcdatamodeld;
			sourceTree = "<group>";
			versionGroupType = wrapper.xcdatamodel;
		};
/* End XCVersionGroup section */
	};
	rootObject = F263579923D0861C00C8F30C /* Project object */;
}
